// !$*UTF8*$!
{
	archiveVersion = 1;
	classes = {
	};
	objectVersion = 56;
	objects = {

/* Begin PBXBuildFile section */
		5D97FCA2294BA3690094C77D /* HomeSampleAppApp.swift in Sources */ = {isa = PBXBuildFile; fileRef = 5D97FCA1294BA3690094C77D /* HomeSampleAppApp.swift */; };
		5D97FCA4294BA3690094C77D /* ContentView.swift in Sources */ = {isa = PBXBuildFile; fileRef = 5D97FCA3294BA3690094C77D /* ContentView.swift */; };
		5D97FCA6294BA36B0094C77D /* Assets.xcassets in Resources */ = {isa = PBXBuildFile; fileRef = 5D97FCA5294BA36B0094C77D /* Assets.xcassets */; };
		5D97FCA9294BA36B0094C77D /* Preview Assets.xcassets in Resources */ = {isa = PBXBuildFile; fileRef = 5D97FCA8294BA36B0094C77D /* Preview Assets.xcassets */; };
		5D97FCB3294BA36B0094C77D /* HomeSampleAppTests.swift in Sources */ = {isa = PBXBuildFile; fileRef = 5D97FCB2294BA36B0094C77D /* HomeSampleAppTests.swift */; };
		5D97FCBD294BA36C0094C77D /* HomeSampleAppUITests.swift in Sources */ = {isa = PBXBuildFile; fileRef = 5D97FCBC294BA36C0094C77D /* HomeSampleAppUITests.swift */; };
		5D97FCBF294BA36C0094C77D /* HomeSampleAppUITestsLaunchTests.swift in Sources */ = {isa = PBXBuildFile; fileRef = 5D97FCBE294BA36C0094C77D /* HomeSampleAppUITestsLaunchTests.swift */; };
/* End PBXBuildFile section */

/* Begin PBXContainerItemProxy section */
		5D97FCAF294BA36B0094C77D /* PBXContainerItemProxy */ = {
			isa = PBXContainerItemProxy;
			containerPortal = 5D97FC96294BA3690094C77D /* Project object */;
			proxyType = 1;
			remoteGlobalIDString = 5D97FC9D294BA3690094C77D;
			remoteInfo = HomeSampleApp;
		};
		5D97FCB9294BA36C0094C77D /* PBXContainerItemProxy */ = {
			isa = PBXContainerItemProxy;
			containerPortal = 5D97FC96294BA3690094C77D /* Project object */;
			proxyType = 1;
			remoteGlobalIDString = 5D97FC9D294BA3690094C77D;
			remoteInfo = HomeSampleApp;
		};
/* End PBXContainerItemProxy section */

/* Begin PBXFileReference section */
		5D97FC9E294BA3690094C77D /* HomeSampleApp.app */ = {isa = PBXFileReference; explicitFileType = wrapper.application; includeInIndex = 0; path = HomeSampleApp.app; sourceTree = BUILT_PRODUCTS_DIR; };
		5D97FCA1294BA3690094C77D /* HomeSampleAppApp.swift */ = {isa = PBXFileReference; lastKnownFileType = sourcecode.swift; path = HomeSampleAppApp.swift; sourceTree = "<group>"; };
		5D97FCA3294BA3690094C77D /* ContentView.swift */ = {isa = PBXFileReference; lastKnownFileType = sourcecode.swift; path = ContentView.swift; sourceTree = "<group>"; };
		5D97FCA5294BA36B0094C77D /* Assets.xcassets */ = {isa = PBXFileReference; lastKnownFileType = folder.assetcatalog; path = Assets.xcassets; sourceTree = "<group>"; };
		5D97FCA8294BA36B0094C77D /* Preview Assets.xcassets */ = {isa = PBXFileReference; lastKnownFileType = folder.assetcatalog; path = "Preview Assets.xcassets"; sourceTree = "<group>"; };
		5D97FCAE294BA36B0094C77D /* HomeSampleAppTests.xctest */ = {isa = PBXFileReference; explicitFileType = wrapper.cfbundle; includeInIndex = 0; path = HomeSampleAppTests.xctest; sourceTree = BUILT_PRODUCTS_DIR; };
		5D97FCB2294BA36B0094C77D /* HomeSampleAppTests.swift */ = {isa = PBXFileReference; lastKnownFileType = sourcecode.swift; path = HomeSampleAppTests.swift; sourceTree = "<group>"; };
		5D97FCB8294BA36C0094C77D /* HomeSampleAppUITests.xctest */ = {isa = PBXFileReference; explicitFileType = wrapper.cfbundle; includeInIndex = 0; path = HomeSampleAppUITests.xctest; sourceTree = BUILT_PRODUCTS_DIR; };
		5D97FCBC294BA36C0094C77D /* HomeSampleAppUITests.swift */ = {isa = PBXFileReference; lastKnownFileType = sourcecode.swift; path = HomeSampleAppUITests.swift; sourceTree = "<group>"; };
		5D97FCBE294BA36C0094C77D /* HomeSampleAppUITestsLaunchTests.swift */ = {isa = PBXFileReference; lastKnownFileType = sourcecode.swift; path = HomeSampleAppUITestsLaunchTests.swift; sourceTree = "<group>"; };
		5D97FCCB294BA3860094C77D /* ManhattanHome */ = {isa = PBXFileReference; lastKnownFileType = wrapper; name = ManhattanHome; path = ..; sourceTree = "<group>"; };
/* End PBXFileReference section */

/* Begin PBXFrameworksBuildPhase section */
		5D97FC9B294BA3690094C77D /* Frameworks */ = {
			isa = PBXFrameworksBuildPhase;
			buildActionMask = 2147483647;
			files = (
			);
			runOnlyForDeploymentPostprocessing = 0;
		};
		5D97FCAB294BA36B0094C77D /* Frameworks */ = {
			isa = PBXFrameworksBuildPhase;
			buildActionMask = 2147483647;
			files = (
			);
			runOnlyForDeploymentPostprocessing = 0;
		};
		5D97FCB5294BA36C0094C77D /* Frameworks */ = {
			isa = PBXFrameworksBuildPhase;
			buildActionMask = 2147483647;
			files = (
			);
			runOnlyForDeploymentPostprocessing = 0;
		};
/* End PBXFrameworksBuildPhase section */

/* Begin PBXGroup section */
		5D97FC95294BA3690094C77D = {
			isa = PBXGroup;
			children = (
				5D97FCCB294BA3860094C77D /* ManhattanHome */,
				5D97FCA0294BA3690094C77D /* HomeSampleApp */,
				5D97FCB1294BA36B0094C77D /* HomeSampleAppTests */,
				5D97FCBB294BA36C0094C77D /* HomeSampleAppUITests */,
				5D97FC9F294BA3690094C77D /* Products */,
			);
			sourceTree = "<group>";
		};
		5D97FC9F294BA3690094C77D /* Products */ = {
			isa = PBXGroup;
			children = (
				5D97FC9E294BA3690094C77D /* HomeSampleApp.app */,
				5D97FCAE294BA36B0094C77D /* HomeSampleAppTests.xctest */,
				5D97FCB8294BA36C0094C77D /* HomeSampleAppUITests.xctest */,
			);
			name = Products;
			sourceTree = "<group>";
		};
		5D97FCA0294BA3690094C77D /* HomeSampleApp */ = {
			isa = PBXGroup;
			children = (
				5D97FCA1294BA3690094C77D /* HomeSampleAppApp.swift */,
				5D97FCA3294BA3690094C77D /* ContentView.swift */,
				5D97FCA5294BA36B0094C77D /* Assets.xcassets */,
				5D97FCA7294BA36B0094C77D /* Preview Content */,
			);
			path = HomeSampleApp;
			sourceTree = "<group>";
		};
		5D97FCA7294BA36B0094C77D /* Preview Content */ = {
			isa = PBXGroup;
			children = (
				5D97FCA8294BA36B0094C77D /* Preview Assets.xcassets */,
			);
			path = "Preview Content";
			sourceTree = "<group>";
		};
		5D97FCB1294BA36B0094C77D /* HomeSampleAppTests */ = {
			isa = PBXGroup;
			children = (
				5D97FCB2294BA36B0094C77D /* HomeSampleAppTests.swift */,
			);
			path = HomeSampleAppTests;
			sourceTree = "<group>";
		};
		5D97FCBB294BA36C0094C77D /* HomeSampleAppUITests */ = {
			isa = PBXGroup;
			children = (
				5D97FCBC294BA36C0094C77D /* HomeSampleAppUITests.swift */,
				5D97FCBE294BA36C0094C77D /* HomeSampleAppUITestsLaunchTests.swift */,
			);
			path = HomeSampleAppUITests;
			sourceTree = "<group>";
		};
/* End PBXGroup section */

/* Begin PBXNativeTarget section */
		5D97FC9D294BA3690094C77D /* HomeSampleApp */ = {
			isa = PBXNativeTarget;
			buildConfigurationList = 5D97FCC2294BA36C0094C77D /* Build configuration list for PBXNativeTarget "HomeSampleApp" */;
			buildPhases = (
				5D97FC9A294BA3690094C77D /* Sources */,
				5D97FC9B294BA3690094C77D /* Frameworks */,
				5D97FC9C294BA3690094C77D /* Resources */,
			);
			buildRules = (
			);
			dependencies = (
			);
			name = HomeSampleApp;
			productName = HomeSampleApp;
			productReference = 5D97FC9E294BA3690094C77D /* HomeSampleApp.app */;
			productType = "com.apple.product-type.application";
		};
		5D97FCAD294BA36B0094C77D /* HomeSampleAppTests */ = {
			isa = PBXNativeTarget;
			buildConfigurationList = 5D97FCC5294BA36C0094C77D /* Build configuration list for PBXNativeTarget "HomeSampleAppTests" */;
			buildPhases = (
				5D97FCAA294BA36B0094C77D /* Sources */,
				5D97FCAB294BA36B0094C77D /* Frameworks */,
				5D97FCAC294BA36B0094C77D /* Resources */,
			);
			buildRules = (
			);
			dependencies = (
				5D97FCB0294BA36B0094C77D /* PBXTargetDependency */,
			);
			name = HomeSampleAppTests;
			productName = HomeSampleAppTests;
			productReference = 5D97FCAE294BA36B0094C77D /* HomeSampleAppTests.xctest */;
			productType = "com.apple.product-type.bundle.unit-test";
		};
		5D97FCB7294BA36C0094C77D /* HomeSampleAppUITests */ = {
			isa = PBXNativeTarget;
			buildConfigurationList = 5D97FCC8294BA36C0094C77D /* Build configuration list for PBXNativeTarget "HomeSampleAppUITests" */;
			buildPhases = (
				5D97FCB4294BA36C0094C77D /* Sources */,
				5D97FCB5294BA36C0094C77D /* Frameworks */,
				5D97FCB6294BA36C0094C77D /* Resources */,
			);
			buildRules = (
			);
			dependencies = (
				5D97FCBA294BA36C0094C77D /* PBXTargetDependency */,
			);
			name = HomeSampleAppUITests;
			productName = HomeSampleAppUITests;
			productReference = 5D97FCB8294BA36C0094C77D /* HomeSampleAppUITests.xctest */;
			productType = "com.apple.product-type.bundle.ui-testing";
		};
/* End PBXNativeTarget section */

/* Begin PBXProject section */
		5D97FC96294BA3690094C77D /* Project object */ = {
			isa = PBXProject;
			attributes = {
				BuildIndependentTargetsInParallel = 1;
				LastSwiftUpdateCheck = 1410;
				LastUpgradeCheck = 1410;
				TargetAttributes = {
					5D97FC9D294BA3690094C77D = {
						CreatedOnToolsVersion = 14.1;
					};
					5D97FCAD294BA36B0094C77D = {
						CreatedOnToolsVersion = 14.1;
						TestTargetID = 5D97FC9D294BA3690094C77D;
					};
					5D97FCB7294BA36C0094C77D = {
						CreatedOnToolsVersion = 14.1;
						TestTargetID = 5D97FC9D294BA3690094C77D;
					};
				};
			};
			buildConfigurationList = 5D97FC99294BA3690094C77D /* Build configuration list for PBXProject "HomeSampleApp" */;
			compatibilityVersion = "Xcode 14.0";
			developmentRegion = en;
			hasScannedForEncodings = 0;
			knownRegions = (
				en,
				Base,
			);
			mainGroup = 5D97FC95294BA3690094C77D;
			productRefGroup = 5D97FC9F294BA3690094C77D /* Products */;
			projectDirPath = "";
			projectRoot = "";
			targets = (
				5D97FC9D294BA3690094C77D /* HomeSampleApp */,
				5D97FCAD294BA36B0094C77D /* HomeSampleAppTests */,
				5D97FCB7294BA36C0094C77D /* HomeSampleAppUITests */,
			);
		};
/* End PBXProject section */

/* Begin PBXResourcesBuildPhase section */
		5D97FC9C294BA3690094C77D /* Resources */ = {
			isa = PBXResourcesBuildPhase;
			buildActionMask = 2147483647;
			files = (
				5D97FCA9294BA36B0094C77D /* Preview Assets.xcassets in Resources */,
				5D97FCA6294BA36B0094C77D /* Assets.xcassets in Resources */,
			);
			runOnlyForDeploymentPostprocessing = 0;
		};
		5D97FCAC294BA36B0094C77D /* Resources */ = {
			isa = PBXResourcesBuildPhase;
			buildActionMask = 2147483647;
			files = (
			);
			runOnlyForDeploymentPostprocessing = 0;
		};
		5D97FCB6294BA36C0094C77D /* Resources */ = {
			isa = PBXResourcesBuildPhase;
			buildActionMask = 2147483647;
			files = (
			);
			runOnlyForDeploymentPostprocessing = 0;
		};
/* End PBXResourcesBuildPhase section */

/* Begin PBXSourcesBuildPhase section */
		5D97FC9A294BA3690094C77D /* Sources */ = {
			isa = PBXSourcesBuildPhase;
			buildActionMask = 2147483647;
			files = (
				5D97FCA4294BA3690094C77D /* ContentView.swift in Sources */,
				5D97FCA2294BA3690094C77D /* HomeSampleAppApp.swift in Sources */,
			);
			runOnlyForDeploymentPostprocessing = 0;
		};
		5D97FCAA294BA36B0094C77D /* Sources */ = {
			isa = PBXSourcesBuildPhase;
			buildActionMask = 2147483647;
			files = (
				5D97FCB3294BA36B0094C77D /* HomeSampleAppTests.swift in Sources */,
			);
			runOnlyForDeploymentPostprocessing = 0;
		};
		5D97FCB4294BA36C0094C77D /* Sources */ = {
			isa = PBXSourcesBuildPhase;
			buildActionMask = 2147483647;
			files = (
				5D97FCBD294BA36C0094C77D /* HomeSampleAppUITests.swift in Sources */,
				5D97FCBF294BA36C0094C77D /* HomeSampleAppUITestsLaunchTests.swift in Sources */,
			);
			runOnlyForDeploymentPostprocessing = 0;
		};
/* End PBXSourcesBuildPhase section */

/* Begin PBXTargetDependency section */
		5D97FCB0294BA36B0094C77D /* PBXTargetDependency */ = {
			isa = PBXTargetDependency;
			target = 5D97FC9D294BA3690094C77D /* HomeSampleApp */;
			targetProxy = 5D97FCAF294BA36B0094C77D /* PBXContainerItemProxy */;
		};
		5D97FCBA294BA36C0094C77D /* PBXTargetDependency */ = {
			isa = PBXTargetDependency;
			target = 5D97FC9D294BA3690094C77D /* HomeSampleApp */;
			targetProxy = 5D97FCB9294BA36C0094C77D /* PBXContainerItemProxy */;
		};
/* End PBXTargetDependency section */

/* Begin XCBuildConfiguration section */
		5D97FCC0294BA36C0094C77D /* Debug */ = {
			isa = XCBuildConfiguration;
			buildSettings = {
				ALWAYS_SEARCH_USER_PATHS = NO;
				CLANG_ANALYZER_NONNULL = YES;
				CLANG_ANALYZER_NUMBER_OBJECT_CONVERSION = YES_AGGRESSIVE;
				CLANG_CXX_LANGUAGE_STANDARD = "gnu++20";
				CLANG_ENABLE_MODULES = YES;
				CLANG_ENABLE_OBJC_ARC = YES;
				CLANG_ENABLE_OBJC_WEAK = YES;
				CLANG_WARN_BLOCK_CAPTURE_AUTORELEASING = YES;
				CLANG_WARN_BOOL_CONVERSION = YES;
				CLANG_WARN_COMMA = YES;
				CLANG_WARN_CONSTANT_CONVERSION = YES;
				CLANG_WARN_DEPRECATED_OBJC_IMPLEMENTATIONS = YES;
				CLANG_WARN_DIRECT_OBJC_ISA_USAGE = YES_ERROR;
				CLANG_WARN_DOCUMENTATION_COMMENTS = YES;
				CLANG_WARN_EMPTY_BODY = YES;
				CLANG_WARN_ENUM_CONVERSION = YES;
				CLANG_WARN_INFINITE_RECURSION = YES;
				CLANG_WARN_INT_CONVERSION = YES;
				CLANG_WARN_NON_LITERAL_NULL_CONVERSION = YES;
				CLANG_WARN_OBJC_IMPLICIT_RETAIN_SELF = YES;
				CLANG_WARN_OBJC_LITERAL_CONVERSION = YES;
				CLANG_WARN_OBJC_ROOT_CLASS = YES_ERROR;
				CLANG_WARN_QUOTED_INCLUDE_IN_FRAMEWORK_HEADER = YES;
				CLANG_WARN_RANGE_LOOP_ANALYSIS = YES;
				CLANG_WARN_STRICT_PROTOTYPES = YES;
				CLANG_WARN_SUSPICIOUS_MOVE = YES;
				CLANG_WARN_UNGUARDED_AVAILABILITY = YES_AGGRESSIVE;
				CLANG_WARN_UNREACHABLE_CODE = YES;
				CLANG_WARN__DUPLICATE_METHOD_MATCH = YES;
				COPY_PHASE_STRIP = NO;
				DEBUG_INFORMATION_FORMAT = dwarf;
				ENABLE_STRICT_OBJC_MSGSEND = YES;
				ENABLE_TESTABILITY = YES;
				GCC_C_LANGUAGE_STANDARD = gnu11;
				GCC_DYNAMIC_NO_PIC = NO;
				GCC_NO_COMMON_BLOCKS = YES;
				GCC_OPTIMIZATION_LEVEL = 0;
				GCC_PREPROCESSOR_DEFINITIONS = (
					"DEBUG=1",
					"$(inherited)",
				);
				GCC_WARN_64_TO_32_BIT_CONVERSION = YES;
				GCC_WARN_ABOUT_RETURN_TYPE = YES_ERROR;
				GCC_WARN_UNDECLARED_SELECTOR = YES;
				GCC_WARN_UNINITIALIZED_AUTOS = YES_AGGRESSIVE;
				GCC_WARN_UNUSED_FUNCTION = YES;
				GCC_WARN_UNUSED_VARIABLE = YES;
				IPHONEOS_DEPLOYMENT_TARGET = 16.1;
				MTL_ENABLE_DEBUG_INFO = INCLUDE_SOURCE;
				MTL_FAST_MATH = YES;
				ONLY_ACTIVE_ARCH = YES;
				SDKROOT = iphoneos;
				SWIFT_ACTIVE_COMPILATION_CONDITIONS = DEBUG;
				SWIFT_OPTIMIZATION_LEVEL = "-Onone";
			};
			name = Debug;
		};
		5D97FCC1294BA36C0094C77D /* Release */ = {
			isa = XCBuildConfiguration;
			buildSettings = {
				ALWAYS_SEARCH_USER_PATHS = NO;
				CLANG_ANALYZER_NONNULL = YES;
				CLANG_ANALYZER_NUMBER_OBJECT_CONVERSION = YES_AGGRESSIVE;
				CLANG_CXX_LANGUAGE_STANDARD = "gnu++20";
				CLANG_ENABLE_MODULES = YES;
				CLANG_ENABLE_OBJC_ARC = YES;
				CLANG_ENABLE_OBJC_WEAK = YES;
				CLANG_WARN_BLOCK_CAPTURE_AUTORELEASING = YES;
				CLANG_WARN_BOOL_CONVERSION = YES;
				CLANG_WARN_COMMA = YES;
				CLANG_WARN_CONSTANT_CONVERSION = YES;
				CLANG_WARN_DEPRECATED_OBJC_IMPLEMENTATIONS = YES;
				CLANG_WARN_DIRECT_OBJC_ISA_USAGE = YES_ERROR;
				CLANG_WARN_DOCUMENTATION_COMMENTS = YES;
				CLANG_WARN_EMPTY_BODY = YES;
				CLANG_WARN_ENUM_CONVERSION = YES;
				CLANG_WARN_INFINITE_RECURSION = YES;
				CLANG_WARN_INT_CONVERSION = YES;
				CLANG_WARN_NON_LITERAL_NULL_CONVERSION = YES;
				CLANG_WARN_OBJC_IMPLICIT_RETAIN_SELF = YES;
				CLANG_WARN_OBJC_LITERAL_CONVERSION = YES;
				CLANG_WARN_OBJC_ROOT_CLASS = YES_ERROR;
				CLANG_WARN_QUOTED_INCLUDE_IN_FRAMEWORK_HEADER = YES;
				CLANG_WARN_RANGE_LOOP_ANALYSIS = YES;
				CLANG_WARN_STRICT_PROTOTYPES = YES;
				CLANG_WARN_SUSPICIOUS_MOVE = YES;
				CLANG_WARN_UNGUARDED_AVAILABILITY = YES_AGGRESSIVE;
				CLANG_WARN_UNREACHABLE_CODE = YES;
				CLANG_WARN__DUPLICATE_METHOD_MATCH = YES;
				COPY_PHASE_STRIP = NO;
				DEBUG_INFORMATION_FORMAT = "dwarf-with-dsym";
				ENABLE_NS_ASSERTIONS = NO;
				ENABLE_STRICT_OBJC_MSGSEND = YES;
				GCC_C_LANGUAGE_STANDARD = gnu11;
				GCC_NO_COMMON_BLOCKS = YES;
				GCC_WARN_64_TO_32_BIT_CONVERSION = YES;
				GCC_WARN_ABOUT_RETURN_TYPE = YES_ERROR;
				GCC_WARN_UNDECLARED_SELECTOR = YES;
				GCC_WARN_UNINITIALIZED_AUTOS = YES_AGGRESSIVE;
				GCC_WARN_UNUSED_FUNCTION = YES;
				GCC_WARN_UNUSED_VARIABLE = YES;
				IPHONEOS_DEPLOYMENT_TARGET = 16.1;
				MTL_ENABLE_DEBUG_INFO = NO;
				MTL_FAST_MATH = YES;
				SDKROOT = iphoneos;
				SWIFT_COMPILATION_MODE = wholemodule;
				SWIFT_OPTIMIZATION_LEVEL = "-O";
				VALIDATE_PRODUCT = YES;
			};
			name = Release;
		};
		5D97FCC3294BA36C0094C77D /* Debug */ = {
			isa = XCBuildConfiguration;
			buildSettings = {
				ASSETCATALOG_COMPILER_APPICON_NAME = AppIcon;
				ASSETCATALOG_COMPILER_GLOBAL_ACCENT_COLOR_NAME = AccentColor;
				CODE_SIGN_STYLE = Automatic;
				CURRENT_PROJECT_VERSION = 1;
				DEVELOPMENT_ASSET_PATHS = "\"HomeSampleApp/Preview Content\"";
				DEVELOPMENT_TEAM = 3LF4A2398Q;
				ENABLE_PREVIEWS = YES;
				GENERATE_INFOPLIST_FILE = YES;
				INFOPLIST_KEY_UIApplicationSceneManifest_Generation = YES;
				INFOPLIST_KEY_UIApplicationSupportsIndirectInputEvents = YES;
				INFOPLIST_KEY_UILaunchScreen_Generation = YES;
				INFOPLIST_KEY_UISupportedInterfaceOrientations_iPad = "UIInterfaceOrientationPortrait UIInterfaceOrientationPortraitUpsideDown UIInterfaceOrientationLandscapeLeft UIInterfaceOrientationLandscapeRight";
				INFOPLIST_KEY_UISupportedInterfaceOrientations_iPhone = "UIInterfaceOrientationPortrait UIInterfaceOrientationLandscapeLeft UIInterfaceOrientationLandscapeRight";
				LD_RUNPATH_SEARCH_PATHS = (
					"$(inherited)",
					"@executable_path/Frameworks",
				);
				MARKETING_VERSION = 1.0;
				PRODUCT_BUNDLE_IDENTIFIER = com.claudio.HomeSampleApp;
				PRODUCT_NAME = "$(TARGET_NAME)";
				SWIFT_EMIT_LOC_STRINGS = YES;
				SWIFT_VERSION = 5.0;
				TARGETED_DEVICE_FAMILY = "1,2";
			};
			name = Debug;
		};
		5D97FCC4294BA36C0094C77D /* Release */ = {
			isa = XCBuildConfiguration;
			buildSettings = {
				ASSETCATALOG_COMPILER_APPICON_NAME = AppIcon;
				ASSETCATALOG_COMPILER_GLOBAL_ACCENT_COLOR_NAME = AccentColor;
				CODE_SIGN_STYLE = Automatic;
				CURRENT_PROJECT_VERSION = 1;
				DEVELOPMENT_ASSET_PATHS = "\"HomeSampleApp/Preview Content\"";
				DEVELOPMENT_TEAM = 3LF4A2398Q;
				ENABLE_PREVIEWS = YES;
				GENERATE_INFOPLIST_FILE = YES;
				INFOPLIST_KEY_UIApplicationSceneManifest_Generation = YES;
				INFOPLIST_KEY_UIApplicationSupportsIndirectInputEvents = YES;
				INFOPLIST_KEY_UILaunchScreen_Generation = YES;
				INFOPLIST_KEY_UISupportedInterfaceOrientations_iPad = "UIInterfaceOrientationPortrait UIInterfaceOrientationPortraitUpsideDown UIInterfaceOrientationLandscapeLeft UIInterfaceOrientationLandscapeRight";
				INFOPLIST_KEY_UISupportedInterfaceOrientations_iPhone = "UIInterfaceOrientationPortrait UIInterfaceOrientationLandscapeLeft UIInterfaceOrientationLandscapeRight";
				LD_RUNPATH_SEARCH_PATHS = (
					"$(inherited)",
					"@executable_path/Frameworks",
				);
				MARKETING_VERSION = 1.0;
				PRODUCT_BUNDLE_IDENTIFIER = com.claudio.HomeSampleApp;
				PRODUCT_NAME = "$(TARGET_NAME)";
				SWIFT_EMIT_LOC_STRINGS = YES;
				SWIFT_VERSION = 5.0;
				TARGETED_DEVICE_FAMILY = "1,2";
			};
			name = Release;
		};
		5D97FCC6294BA36C0094C77D /* Debug */ = {
			isa = XCBuildConfiguration;
			buildSettings = {
				ALWAYS_EMBED_SWIFT_STANDARD_LIBRARIES = YES;
				BUNDLE_LOADER = "$(TEST_HOST)";
				CODE_SIGN_STYLE = Automatic;
				CURRENT_PROJECT_VERSION = 1;
				DEVELOPMENT_TEAM = 3LF4A2398Q;
				GENERATE_INFOPLIST_FILE = YES;
				IPHONEOS_DEPLOYMENT_TARGET = 16.1;
				MARKETING_VERSION = 1.0;
				PRODUCT_BUNDLE_IDENTIFIER = com.claudio.HomeSampleAppTests;
				PRODUCT_NAME = "$(TARGET_NAME)";
				SWIFT_EMIT_LOC_STRINGS = NO;
				SWIFT_VERSION = 5.0;
				TARGETED_DEVICE_FAMILY = "1,2";
				TEST_HOST = "$(BUILT_PRODUCTS_DIR)/HomeSampleApp.app/$(BUNDLE_EXECUTABLE_FOLDER_PATH)/HomeSampleApp";
			};
			name = Debug;
		};
		5D97FCC7294BA36C0094C77D /* Release */ = {
			isa = XCBuildConfiguration;
			buildSettings = {
				ALWAYS_EMBED_SWIFT_STANDARD_LIBRARIES = YES;
				BUNDLE_LOADER = "$(TEST_HOST)";
				CODE_SIGN_STYLE = Automatic;
				CURRENT_PROJECT_VERSION = 1;
				DEVELOPMENT_TEAM = 3LF4A2398Q;
				GENERATE_INFOPLIST_FILE = YES;
				IPHONEOS_DEPLOYMENT_TARGET = 16.1;
				MARKETING_VERSION = 1.0;
				PRODUCT_BUNDLE_IDENTIFIER = com.claudio.HomeSampleAppTests;
				PRODUCT_NAME = "$(TARGET_NAME)";
				SWIFT_EMIT_LOC_STRINGS = NO;
				SWIFT_VERSION = 5.0;
				TARGETED_DEVICE_FAMILY = "1,2";
				TEST_HOST = "$(BUILT_PRODUCTS_DIR)/HomeSampleApp.app/$(BUNDLE_EXECUTABLE_FOLDER_PATH)/HomeSampleApp";
			};
			name = Release;
		};
		5D97FCC9294BA36C0094C77D /* Debug */ = {
			isa = XCBuildConfiguration;
			buildSettings = {
				ALWAYS_EMBED_SWIFT_STANDARD_LIBRARIES = YES;
				CODE_SIGN_STYLE = Automatic;
				CURRENT_PROJECT_VERSION = 1;
				DEVELOPMENT_TEAM = 3LF4A2398Q;
				GENERATE_INFOPLIST_FILE = YES;
				MARKETING_VERSION = 1.0;
				PRODUCT_BUNDLE_IDENTIFIER = com.claudio.HomeSampleAppUITests;
				PRODUCT_NAME = "$(TARGET_NAME)";
				SWIFT_EMIT_LOC_STRINGS = NO;
				SWIFT_VERSION = 5.0;
				TARGETED_DEVICE_FAMILY = "1,2";
				TEST_TARGET_NAME = HomeSampleApp;
			};
			name = Debug;
		};
		5D97FCCA294BA36C0094C77D /* Release */ = {
			isa = XCBuildConfiguration;
			buildSettings = {
				ALWAYS_EMBED_SWIFT_STANDARD_LIBRARIES = YES;
				CODE_SIGN_STYLE = Automatic;
				CURRENT_PROJECT_VERSION = 1;
				DEVELOPMENT_TEAM = 3LF4A2398Q;
				GENERATE_INFOPLIST_FILE = YES;
				MARKETING_VERSION = 1.0;
				PRODUCT_BUNDLE_IDENTIFIER = com.claudio.HomeSampleAppUITests;
				PRODUCT_NAME = "$(TARGET_NAME)";
				SWIFT_EMIT_LOC_STRINGS = NO;
				SWIFT_VERSION = 5.0;
				TARGETED_DEVICE_FAMILY = "1,2";
				TEST_TARGET_NAME = HomeSampleApp;
			};
			name = Release;
		};
/* End XCBuildConfiguration section */

/* Begin XCConfigurationList section */
		5D97FC99294BA3690094C77D /* Build configuration list for PBXProject "HomeSampleApp" */ = {
			isa = XCConfigurationList;
			buildConfigurations = (
				5D97FCC0294BA36C0094C77D /* Debug */,
				5D97FCC1294BA36C0094C77D /* Release */,
			);
			defaultConfigurationIsVisible = 0;
			defaultConfigurationName = Release;
		};
		5D97FCC2294BA36C0094C77D /* Build configuration list for PBXNativeTarget "HomeSampleApp" */ = {
			isa = XCConfigurationList;
			buildConfigurations = (
				5D97FCC3294BA36C0094C77D /* Debug */,
				5D97FCC4294BA36C0094C77D /* Release */,
			);
			defaultConfigurationIsVisible = 0;
			defaultConfigurationName = Release;
		};
		5D97FCC5294BA36C0094C77D /* Build configuration list for PBXNativeTarget "HomeSampleAppTests" */ = {
			isa = XCConfigurationList;
			buildConfigurations = (
				5D97FCC6294BA36C0094C77D /* Debug */,
				5D97FCC7294BA36C0094C77D /* Release */,
			);
			defaultConfigurationIsVisible = 0;
			defaultConfigurationName = Release;
		};
		5D97FCC8294BA36C0094C77D /* Build configuration list for PBXNativeTarget "HomeSampleAppUITests" */ = {
			isa = XCConfigurationList;
			buildConfigurations = (
				5D97FCC9294BA36C0094C77D /* Debug */,
				5D97FCCA294BA36C0094C77D /* Release */,
			);
			defaultConfigurationIsVisible = 0;
			defaultConfigurationName = Release;
		};
/* End XCConfigurationList section */
	};
	rootObject = 5D97FC96294BA3690094C77D /* Project object */;
}
